// !$*UTF8*$!
{
	archiveVersion = 1;
	classes = {
	};
	objectVersion = 50;
	objects = {

/* Begin PBXBuildFile section */
		3669FD71225B609D0085EE66 /* InitialViewController.swift in Sources */ = {isa = PBXBuildFile; fileRef = 3669FD6F225B609D0085EE66 /* InitialViewController.swift */; };
		3669FD72225B609D0085EE66 /* InitialViewController.xib in Resources */ = {isa = PBXBuildFile; fileRef = 3669FD70225B609D0085EE66 /* InitialViewController.xib */; };
		3669FD74225B60C50085EE66 /* QuestionView.swift in Sources */ = {isa = PBXBuildFile; fileRef = 3669FD73225B60C50085EE66 /* QuestionView.swift */; };
		3669FD76225B613B0085EE66 /* QuestionView.xib in Resources */ = {isa = PBXBuildFile; fileRef = 3669FD75225B613B0085EE66 /* QuestionView.xib */; };
		3669FD79225B67B70085EE66 /* LoginViewController.swift in Sources */ = {isa = PBXBuildFile; fileRef = 3669FD77225B67B60085EE66 /* LoginViewController.swift */; };
		3669FD7A225B67B70085EE66 /* LoginViewController.xib in Resources */ = {isa = PBXBuildFile; fileRef = 3669FD78225B67B70085EE66 /* LoginViewController.xib */; };
		3669FD7C225B825E0085EE66 /* ImageService.swift in Sources */ = {isa = PBXBuildFile; fileRef = 3669FD7B225B825E0085EE66 /* ImageService.swift */; };
		366EE5252258E36100717B19 /* Game.swift in Sources */ = {isa = PBXBuildFile; fileRef = 366EE5242258E36100717B19 /* Game.swift */; };
		3670405F225662C4009C2476 /* AppDelegate.swift in Sources */ = {isa = PBXBuildFile; fileRef = 3670405E225662C4009C2476 /* AppDelegate.swift */; };
		36704066225662C6009C2476 /* Assets.xcassets in Resources */ = {isa = PBXBuildFile; fileRef = 36704065225662C6009C2476 /* Assets.xcassets */; };
		36704069225662C6009C2476 /* LaunchScreen.storyboard in Resources */ = {isa = PBXBuildFile; fileRef = 36704067225662C6009C2476 /* LaunchScreen.storyboard */; };
		3670407322567C10009C2476 /* Quiz.swift in Sources */ = {isa = PBXBuildFile; fileRef = 3670407222567C10009C2476 /* Quiz.swift */; };
		3670407522567C32009C2476 /* Question.swift in Sources */ = {isa = PBXBuildFile; fileRef = 3670407422567C32009C2476 /* Question.swift */; };
		3670407722567C4C009C2476 /* Category.swift in Sources */ = {isa = PBXBuildFile; fileRef = 3670407622567C4C009C2476 /* Category.swift */; };
		3670407922567C77009C2476 /* QuizService.swift in Sources */ = {isa = PBXBuildFile; fileRef = 3670407822567C77009C2476 /* QuizService.swift */; };
/* End PBXBuildFile section */

/* Begin PBXFileReference section */
		3669FD6F225B609D0085EE66 /* InitialViewController.swift */ = {isa = PBXFileReference; lastKnownFileType = sourcecode.swift; path = InitialViewController.swift; sourceTree = "<group>"; };
		3669FD70225B609D0085EE66 /* InitialViewController.xib */ = {isa = PBXFileReference; lastKnownFileType = file.xib; path = InitialViewController.xib; sourceTree = "<group>"; };
		3669FD73225B60C50085EE66 /* QuestionView.swift */ = {isa = PBXFileReference; lastKnownFileType = sourcecode.swift; path = QuestionView.swift; sourceTree = "<group>"; };
		3669FD75225B613B0085EE66 /* QuestionView.xib */ = {isa = PBXFileReference; lastKnownFileType = file.xib; path = QuestionView.xib; sourceTree = "<group>"; };
		3669FD77225B67B60085EE66 /* LoginViewController.swift */ = {isa = PBXFileReference; lastKnownFileType = sourcecode.swift; path = LoginViewController.swift; sourceTree = "<group>"; };
		3669FD78225B67B70085EE66 /* LoginViewController.xib */ = {isa = PBXFileReference; lastKnownFileType = file.xib; path = LoginViewController.xib; sourceTree = "<group>"; };
		3669FD7B225B825E0085EE66 /* ImageService.swift */ = {isa = PBXFileReference; lastKnownFileType = sourcecode.swift; path = ImageService.swift; sourceTree = "<group>"; };
		366EE5242258E36100717B19 /* Game.swift */ = {isa = PBXFileReference; lastKnownFileType = sourcecode.swift; path = Game.swift; sourceTree = "<group>"; };
		3670405B225662C4009C2476 /* PrvaZadaca.app */ = {isa = PBXFileReference; explicitFileType = wrapper.application; includeInIndex = 0; path = PrvaZadaca.app; sourceTree = BUILT_PRODUCTS_DIR; };
		3670405E225662C4009C2476 /* AppDelegate.swift */ = {isa = PBXFileReference; lastKnownFileType = sourcecode.swift; path = AppDelegate.swift; sourceTree = "<group>"; };
		36704065225662C6009C2476 /* Assets.xcassets */ = {isa = PBXFileReference; lastKnownFileType = folder.assetcatalog; path = Assets.xcassets; sourceTree = "<group>"; };
		36704068225662C6009C2476 /* Base */ = {isa = PBXFileReference; lastKnownFileType = file.storyboard; name = Base; path = Base.lproj/LaunchScreen.storyboard; sourceTree = "<group>"; };
		3670406A225662C6009C2476 /* Info.plist */ = {isa = PBXFileReference; lastKnownFileType = text.plist.xml; path = Info.plist; sourceTree = "<group>"; };
		3670407222567C10009C2476 /* Quiz.swift */ = {isa = PBXFileReference; lastKnownFileType = sourcecode.swift; path = Quiz.swift; sourceTree = "<group>"; };
		3670407422567C32009C2476 /* Question.swift */ = {isa = PBXFileReference; lastKnownFileType = sourcecode.swift; path = Question.swift; sourceTree = "<group>"; };
		3670407622567C4C009C2476 /* Category.swift */ = {isa = PBXFileReference; lastKnownFileType = sourcecode.swift; path = Category.swift; sourceTree = "<group>"; };
		3670407822567C77009C2476 /* QuizService.swift */ = {isa = PBXFileReference; lastKnownFileType = sourcecode.swift; path = QuizService.swift; sourceTree = "<group>"; };
/* End PBXFileReference section */

/* Begin PBXFrameworksBuildPhase section */
		36704058225662C4009C2476 /* Frameworks */ = {
			isa = PBXFrameworksBuildPhase;
			buildActionMask = 2147483647;
			files = (
			);
			runOnlyForDeploymentPostprocessing = 0;
		};
/* End PBXFrameworksBuildPhase section */

/* Begin PBXGroup section */
		3669FD6A225B5E500085EE66 /* Views */ = {
			isa = PBXGroup;
			children = (
				3669FD73225B60C50085EE66 /* QuestionView.swift */,
				3669FD75225B613B0085EE66 /* QuestionView.xib */,
			);
			path = Views;
			sourceTree = "<group>";
		};
		366EE5232258D05600717B19 /* Controllers */ = {
			isa = PBXGroup;
			children = (
				3669FD6F225B609D0085EE66 /* InitialViewController.swift */,
				3669FD70225B609D0085EE66 /* InitialViewController.xib */,
				3669FD77225B67B60085EE66 /* LoginViewController.swift */,
				3669FD78225B67B70085EE66 /* LoginViewController.xib */,
			);
			path = Controllers;
			sourceTree = "<group>";
		};
		36704052225662C4009C2476 = {
			isa = PBXGroup;
			children = (
				3670405D225662C4009C2476 /* PrvaZadaca */,
				3670405C225662C4009C2476 /* Products */,
			);
			sourceTree = "<group>";
		};
		3670405C225662C4009C2476 /* Products */ = {
			isa = PBXGroup;
			children = (
				3670405B225662C4009C2476 /* PrvaZadaca.app */,
			);
			name = Products;
			sourceTree = "<group>";
		};
		3670405D225662C4009C2476 /* PrvaZadaca */ = {
			isa = PBXGroup;
			children = (
				3670405E225662C4009C2476 /* AppDelegate.swift */,
				36704065225662C6009C2476 /* Assets.xcassets */,
				36704067225662C6009C2476 /* LaunchScreen.storyboard */,
				3670406A225662C6009C2476 /* Info.plist */,
				3670407122567BA5009C2476 /* Model */,
				3670407022567B90009C2476 /* Services */,
				366EE5232258D05600717B19 /* Controllers */,
				3669FD6A225B5E500085EE66 /* Views */,
			);
			path = PrvaZadaca;
			sourceTree = "<group>";
		};
		3670407022567B90009C2476 /* Services */ = {
			isa = PBXGroup;
			children = (
				3670407822567C77009C2476 /* QuizService.swift */,
				3669FD7B225B825E0085EE66 /* ImageService.swift */,
			);
			path = Services;
			sourceTree = "<group>";
		};
		3670407122567BA5009C2476 /* Model */ = {
			isa = PBXGroup;
			children = (
				366EE5242258E36100717B19 /* Game.swift */,
				3670407222567C10009C2476 /* Quiz.swift */,
				3670407422567C32009C2476 /* Question.swift */,
				3670407622567C4C009C2476 /* Category.swift */,
			);
			path = Model;
			sourceTree = "<group>";
		};
/* End PBXGroup section */

/* Begin PBXNativeTarget section */
		3670405A225662C4009C2476 /* PrvaZadaca */ = {
			isa = PBXNativeTarget;
			buildConfigurationList = 3670406D225662C6009C2476 /* Build configuration list for PBXNativeTarget "PrvaZadaca" */;
			buildPhases = (
				36704057225662C4009C2476 /* Sources */,
				36704058225662C4009C2476 /* Frameworks */,
				36704059225662C4009C2476 /* Resources */,
			);
			buildRules = (
			);
			dependencies = (
			);
			name = PrvaZadaca;
			productName = PrvaZadaca;
			productReference = 3670405B225662C4009C2476 /* PrvaZadaca.app */;
			productType = "com.apple.product-type.application";
		};
/* End PBXNativeTarget section */

/* Begin PBXProject section */
		36704053225662C4009C2476 /* Project object */ = {
			isa = PBXProject;
			attributes = {
				LastSwiftUpdateCheck = 1020;
				LastUpgradeCheck = 1020;
				ORGANIZATIONNAME = "Marko Krajina";
				TargetAttributes = {
					3670405A225662C4009C2476 = {
						CreatedOnToolsVersion = 10.2;
					};
				};
			};
			buildConfigurationList = 36704056225662C4009C2476 /* Build configuration list for PBXProject "PrvaZadaca" */;
			compatibilityVersion = "Xcode 9.3";
			developmentRegion = en;
			hasScannedForEncodings = 0;
			knownRegions = (
				en,
				Base,
			);
			mainGroup = 36704052225662C4009C2476;
			productRefGroup = 3670405C225662C4009C2476 /* Products */;
			projectDirPath = "";
			projectRoot = "";
			targets = (
				3670405A225662C4009C2476 /* PrvaZadaca */,
			);
		};
/* End PBXProject section */

/* Begin PBXResourcesBuildPhase section */
		36704059225662C4009C2476 /* Resources */ = {
			isa = PBXResourcesBuildPhase;
			buildActionMask = 2147483647;
			files = (
				3669FD7A225B67B70085EE66 /* LoginViewController.xib in Resources */,
				3669FD76225B613B0085EE66 /* QuestionView.xib in Resources */,
				36704069225662C6009C2476 /* LaunchScreen.storyboard in Resources */,
				36704066225662C6009C2476 /* Assets.xcassets in Resources */,
				3669FD72225B609D0085EE66 /* InitialViewController.xib in Resources */,
			);
			runOnlyForDeploymentPostprocessing = 0;
		};
/* End PBXResourcesBuildPhase section */

/* Begin PBXSourcesBuildPhase section */
		36704057225662C4009C2476 /* Sources */ = {
			isa = PBXSourcesBuildPhase;
			buildActionMask = 2147483647;
			files = (
				3669FD79225B67B70085EE66 /* LoginViewController.swift in Sources */,
				3669FD74225B60C50085EE66 /* QuestionView.swift in Sources */,
				3670407922567C77009C2476 /* QuizService.swift in Sources */,
				3669FD7C225B825E0085EE66 /* ImageService.swift in Sources */,
				3669FD71225B609D0085EE66 /* InitialViewController.swift in Sources */,
				366EE5252258E36100717B19 /* Game.swift in Sources */,
				3670407722567C4C009C2476 /* Category.swift in Sources */,
				3670407522567C32009C2476 /* Question.swift in Sources */,
				3670405F225662C4009C2476 /* AppDelegate.swift in Sources */,
				3670407322567C10009C2476 /* Quiz.swift in Sources */,
			);
			runOnlyForDeploymentPostprocessing = 0;
		};
/* End PBXSourcesBuildPhase section */

/* Begin PBXVariantGroup section */
		36704067225662C6009C2476 /* LaunchScreen.storyboard */ = {
			isa = PBXVariantGroup;
			children = (
				36704068225662C6009C2476 /* Base */,
			);
			name = LaunchScreen.storyboard;
			sourceTree = "<group>";
		};
/* End PBXVariantGroup section */

/* Begin XCBuildConfiguration section */
		3670406B225662C6009C2476 /* Debug */ = {
			isa = XCBuildConfiguration;
			buildSettings = {
				ALWAYS_SEARCH_USER_PATHS = NO;
				CLANG_ANALYZER_NONNULL = YES;
				CLANG_ANALYZER_NUMBER_OBJECT_CONVERSION = YES_AGGRESSIVE;
				CLANG_CXX_LANGUAGE_STANDARD = "gnu++14";
				CLANG_CXX_LIBRARY = "libc++";
				CLANG_ENABLE_MODULES = YES;
				CLANG_ENABLE_OBJC_ARC = YES;
				CLANG_ENABLE_OBJC_WEAK = YES;
				CLANG_WARN_BLOCK_CAPTURE_AUTORELEASING = YES;
				CLANG_WARN_BOOL_CONVERSION = YES;
				CLANG_WARN_COMMA = YES;
				CLANG_WARN_CONSTANT_CONVERSION = YES;
				CLANG_WARN_DEPRECATED_OBJC_IMPLEMENTATIONS = YES;
				CLANG_WARN_DIRECT_OBJC_ISA_USAGE = YES_ERROR;
				CLANG_WARN_DOCUMENTATION_COMMENTS = YES;
				CLANG_WARN_EMPTY_BODY = YES;
				CLANG_WARN_ENUM_CONVERSION = YES;
				CLANG_WARN_INFINITE_RECURSION = YES;
				CLANG_WARN_INT_CONVERSION = YES;
				CLANG_WARN_NON_LITERAL_NULL_CONVERSION = YES;
				CLANG_WARN_OBJC_IMPLICIT_RETAIN_SELF = YES;
				CLANG_WARN_OBJC_LITERAL_CONVERSION = YES;
				CLANG_WARN_OBJC_ROOT_CLASS = YES_ERROR;
				CLANG_WARN_RANGE_LOOP_ANALYSIS = YES;
				CLANG_WARN_STRICT_PROTOTYPES = YES;
				CLANG_WARN_SUSPICIOUS_MOVE = YES;
				CLANG_WARN_UNGUARDED_AVAILABILITY = YES_AGGRESSIVE;
				CLANG_WARN_UNREACHABLE_CODE = YES;
				CLANG_WARN__DUPLICATE_METHOD_MATCH = YES;
				CODE_SIGN_IDENTITY = "iPhone Developer";
				COPY_PHASE_STRIP = NO;
				DEBUG_INFORMATION_FORMAT = dwarf;
				ENABLE_STRICT_OBJC_MSGSEND = YES;
				ENABLE_TESTABILITY = YES;
				GCC_C_LANGUAGE_STANDARD = gnu11;
				GCC_DYNAMIC_NO_PIC = NO;
				GCC_NO_COMMON_BLOCKS = YES;
				GCC_OPTIMIZATION_LEVEL = 0;
				GCC_PREPROCESSOR_DEFINITIONS = (
					"DEBUG=1",
					"$(inherited)",
				);
				GCC_WARN_64_TO_32_BIT_CONVERSION = YES;
				GCC_WARN_ABOUT_RETURN_TYPE = YES_ERROR;
				GCC_WARN_UNDECLARED_SELECTOR = YES;
				GCC_WARN_UNINITIALIZED_AUTOS = YES_AGGRESSIVE;
				GCC_WARN_UNUSED_FUNCTION = YES;
				GCC_WARN_UNUSED_VARIABLE = YES;
				IPHONEOS_DEPLOYMENT_TARGET = 12.2;
				MTL_ENABLE_DEBUG_INFO = INCLUDE_SOURCE;
				MTL_FAST_MATH = YES;
				ONLY_ACTIVE_ARCH = YES;
				SDKROOT = iphoneos;
				SWIFT_ACTIVE_COMPILATION_CONDITIONS = DEBUG;
				SWIFT_OPTIMIZATION_LEVEL = "-Onone";
			};
			name = Debug;
		};
		3670406C225662C6009C2476 /* Release */ = {
			isa = XCBuildConfiguration;
			buildSettings = {
				ALWAYS_SEARCH_USER_PATHS = NO;
				CLANG_ANALYZER_NONNULL = YES;
				CLANG_ANALYZER_NUMBER_OBJECT_CONVERSION = YES_AGGRESSIVE;
				CLANG_CXX_LANGUAGE_STANDARD = "gnu++14";
				CLANG_CXX_LIBRARY = "libc++";
				CLANG_ENABLE_MODULES = YES;
				CLANG_ENABLE_OBJC_ARC = YES;
				CLANG_ENABLE_OBJC_WEAK = YES;
				CLANG_WARN_BLOCK_CAPTURE_AUTORELEASING = YES;
				CLANG_WARN_BOOL_CONVERSION = YES;
				CLANG_WARN_COMMA = YES;
				CLANG_WARN_CONSTANT_CONVERSION = YES;
				CLANG_WARN_DEPRECATED_OBJC_IMPLEMENTATIONS = YES;
				CLANG_WARN_DIRECT_OBJC_ISA_USAGE = YES_ERROR;
				CLANG_WARN_DOCUMENTATION_COMMENTS = YES;
				CLANG_WARN_EMPTY_BODY = YES;
				CLANG_WARN_ENUM_CONVERSION = YES;
				CLANG_WARN_INFINITE_RECURSION = YES;
				CLANG_WARN_INT_CONVERSION = YES;
				CLANG_WARN_NON_LITERAL_NULL_CONVERSION = YES;
				CLANG_WARN_OBJC_IMPLICIT_RETAIN_SELF = YES;
				CLANG_WARN_OBJC_LITERAL_CONVERSION = YES;
				CLANG_WARN_OBJC_ROOT_CLASS = YES_ERROR;
				CLANG_WARN_RANGE_LOOP_ANALYSIS = YES;
				CLANG_WARN_STRICT_PROTOTYPES = YES;
				CLANG_WARN_SUSPICIOUS_MOVE = YES;
				CLANG_WARN_UNGUARDED_AVAILABILITY = YES_AGGRESSIVE;
				CLANG_WARN_UNREACHABLE_CODE = YES;
				CLANG_WARN__DUPLICATE_METHOD_MATCH = YES;
				CODE_SIGN_IDENTITY = "iPhone Developer";
				COPY_PHASE_STRIP = NO;
				DEBUG_INFORMATION_FORMAT = "dwarf-with-dsym";
				ENABLE_NS_ASSERTIONS = NO;
				ENABLE_STRICT_OBJC_MSGSEND = YES;
				GCC_C_LANGUAGE_STANDARD = gnu11;
				GCC_NO_COMMON_BLOCKS = YES;
				GCC_WARN_64_TO_32_BIT_CONVERSION = YES;
				GCC_WARN_ABOUT_RETURN_TYPE = YES_ERROR;
				GCC_WARN_UNDECLARED_SELECTOR = YES;
				GCC_WARN_UNINITIALIZED_AUTOS = YES_AGGRESSIVE;
				GCC_WARN_UNUSED_FUNCTION = YES;
				GCC_WARN_UNUSED_VARIABLE = YES;
				IPHONEOS_DEPLOYMENT_TARGET = 12.2;
				MTL_ENABLE_DEBUG_INFO = NO;
				MTL_FAST_MATH = YES;
				SDKROOT = iphoneos;
				SWIFT_COMPILATION_MODE = wholemodule;
				SWIFT_OPTIMIZATION_LEVEL = "-O";
				VALIDATE_PRODUCT = YES;
			};
			name = Release;
		};
		3670406E225662C6009C2476 /* Debug */ = {
			isa = XCBuildConfiguration;
			buildSettings = {
				ASSETCATALOG_COMPILER_APPICON_NAME = AppIcon;
				CODE_SIGN_STYLE = Automatic;
				DEVELOPMENT_TEAM = 98NRH7V6S7;
				INFOPLIST_FILE = PrvaZadaca/Info.plist;
				LD_RUNPATH_SEARCH_PATHS = (
					"$(inherited)",
					"@executable_path/Frameworks",
				);
				PRODUCT_BUNDLE_IDENTIFIER = com.krajina.marko.PrvaZadaca;
				PRODUCT_NAME = "$(TARGET_NAME)";
				SWIFT_VERSION = 5.0;
				TARGETED_DEVICE_FAMILY = "1,2";
			};
			name = Debug;
		};
		3670406F225662C6009C2476 /* Release */ = {
			isa = XCBuildConfiguration;
			buildSettings = {
				ASSETCATALOG_COMPILER_APPICON_NAME = AppIcon;
				CODE_SIGN_STYLE = Automatic;
				DEVELOPMENT_TEAM = 98NRH7V6S7;
				INFOPLIST_FILE = PrvaZadaca/Info.plist;
				LD_RUNPATH_SEARCH_PATHS = (
					"$(inherited)",
					"@executable_path/Frameworks",
				);
				PRODUCT_BUNDLE_IDENTIFIER = com.krajina.marko.PrvaZadaca;
				PRODUCT_NAME = "$(TARGET_NAME)";
				SWIFT_VERSION = 5.0;
				TARGETED_DEVICE_FAMILY = "1,2";
			};
			name = Release;
		};
/* End XCBuildConfiguration section */

/* Begin XCConfigurationList section */
		36704056225662C4009C2476 /* Build configuration list for PBXProject "PrvaZadaca" */ = {
			isa = XCConfigurationList;
			buildConfigurations = (
				3670406B225662C6009C2476 /* Debug */,
				3670406C225662C6009C2476 /* Release */,
			);
			defaultConfigurationIsVisible = 0;
			defaultConfigurationName = Release;
		};
		3670406D225662C6009C2476 /* Build configuration list for PBXNativeTarget "PrvaZadaca" */ = {
			isa = XCConfigurationList;
			buildConfigurations = (
				3670406E225662C6009C2476 /* Debug */,
				3670406F225662C6009C2476 /* Release */,
			);
			defaultConfigurationIsVisible = 0;
			defaultConfigurationName = Release;
		};
/* End XCConfigurationList section */
	};
	rootObject = 36704053225662C4009C2476 /* Project object */;
}
